PODS:
  - "app_settings (3.0.0+1)":
    - Flutter
  - EZOpenSDK (5.0.1)
  - Flutter (1.0.0)
  - network_info_plus (0.0.1):
    - Flutter
  - permission_handler_apple (9.0.4):
    - Flutter
  - ys_play (0.0.1):
    - EZOpenSDK (= 5.0.1)
    - Flutter

DEPENDENCIES:
  - app_settings (from `.symlinks/plugins/app_settings/ios`)
  - Flutter (from `Flutter`)
  - network_info_plus (from `.symlinks/plugins/network_info_plus/ios`)
  - permission_handler_apple (from `.symlinks/plugins/permission_handler_apple/ios`)
  - ys_play (from `.symlinks/plugins/ys_play/ios`)

SPEC REPOS:
  trunk:
    - EZOpenSDK

EXTERNAL SOURCES:
  app_settings:
    :path: ".symlinks/plugins/app_settings/ios"
  Flutter:
    :path: Flutter
  network_info_plus:
    :path: ".symlinks/plugins/network_info_plus/ios"
  permission_handler_apple:
    :path: ".symlinks/plugins/permission_handler_apple/ios"
  ys_play:
    :path: ".symlinks/plugins/ys_play/ios"

SPEC CHECKSUMS:
  app_settings: d103828c9f5d515c4df9ee754dabd443f7cedcf3
  EZOpenSDK: 44ec6ba84725e6a5b31f4ca93e41398fb324106e
  Flutter: f04841e97a9d0b0a8025694d0796dd46242b2854
  network_info_plus: b78876159360f5580608c2cea620d6ceffabd0ad
  permission_handler_apple: 44366e37eaf29454a1e7b1b7d736c2cceaeb17ce
  ys_play: be003672b24d0a772d1966e3b779c3460e1e146b

PODFILE CHECKSUM: 262cbc4366c995927a6efc1fd438d5d73c265045

COCOAPODS: 1.11.3
